// !$*UTF8*$!
{
	archiveVersion = 1;
	classes = {
	};
	objectVersion = 77;
	objects = {

/* Begin PBXContainerItemProxy section */
		79754AC62FF1EA53000459A1 /* PBXContainerItemProxy */ = {
			isa = PBXContainerItemProxy;
			containerPortal = 79754AB02FF1EA51000459A1 /* Project object */;
			proxyType = 1;
			remoteGlobalIDString = 79754AB72FF1EA51000459A1;
			remoteInfo = "Speed Skate Meet IOS";
		};
		79754AD02FF1EA53000459A1 /* PBXContainerItemProxy */ = {
			isa = PBXContainerItemProxy;
			containerPortal = 79754AB02FF1EA51000459A1 /* Project object */;
			proxyType = 1;
			remoteGlobalIDString = 79754AB72FF1EA51000459A1;
			remoteInfo = "Speed Skate Meet IOS";
		};
/* End PBXContainerItemProxy section */

/* Begin PBXFileReference section */
		79754AB82FF1EA51000459A1 /* Speed Skate Meet IOS.app */ = {isa = PBXFileReference; explicitFileType = wrapper.application; includeInIndex = 0; path = "Speed Skate Meet IOS.app"; sourceTree = BUILT_PRODUCTS_DIR; };
		79754AC52FF1EA53000459A1 /* Speed Skate Meet IOSTests.xctest */ = {isa = PBXFileReference; explicitFileType = wrapper.cfbundle; includeInIndex = 0; path = "Speed Skate Meet IOSTests.xctest"; sourceTree = BUILT_PRODUCTS_DIR; };
		79754ACF2FF1EA53000459A1 /* Speed Skate Meet IOSUITests.xctest */ = {isa = PBXFileReference; explicitFileType = wrapper.cfbundle; includeInIndex = 0; path = "Speed Skate Meet IOSUITests.xctest"; sourceTree = BUILT_PRODUCTS_DIR; };
/* End PBXFileReference section */

/* Begin PBXFileSystemSynchronizedRootGroup section */
		79754ABA2FF1EA51000459A1 /* Speed Skate Meet IOS */ = {
			isa = PBXFileSystemSynchronizedRootGroup;
			path = "Speed Skate Meet IOS";
			sourceTree = "<group>";
		};
		79754AC82FF1EA53000459A1 /* Speed Skate Meet IOSTests */ = {
			isa = PBXFileSystemSynchronizedRootGroup;
			path = "Speed Skate Meet IOSTests";
			sourceTree = "<group>";
		};
		79754AD22FF1EA53000459A1 /* Speed Skate Meet IOSUITests */ = {
			isa = PBXFileSystemSynchronizedRootGroup;
			path = "Speed Skate Meet IOSUITests";
			sourceTree = "<group>";
		};
/* End PBXFileSystemSynchronizedRootGroup section */

/* Begin PBXFrameworksBuildPhase section */
		79754AB52FF1EA51000459A1 /* Frameworks */ = {
			isa = PBXFrameworksBuildPhase;
			buildActionMask = 2147483647;
			files = (
			);
			runOnlyForDeploymentPostprocessing = 0;
		};
		79754AC22FF1EA53000459A1 /* Frameworks */ = {
			isa = PBXFrameworksBuildPhase;
			buildActionMask = 2147483647;
			files = (
			);
			runOnlyForDeploymentPostprocessing = 0;
		};
		79754ACC2FF1EA53000459A1 /* Frameworks */ = {
			isa = PBXFrameworksBuildPhase;
			buildActionMask = 2147483647;
			files = (
			);
			runOnlyForDeploymentPostprocessing = 0;
		};
/* End PBXFrameworksBuildPhase section */

/* Begin PBXGroup section */
		79754AAF2FF1EA51000459A1 = {
			isa = PBXGroup;
			children = (
				79754ABA2FF1EA51000459A1 /* Speed Skate Meet IOS */,
				79754AC82FF1EA53000459A1 /* Speed Skate Meet IOSTests */,
				79754AD22FF1EA53000459A1 /* Speed Skate Meet IOSUITests */,
				79754AB92FF1EA51000459A1 /* Products */,
			);
			sourceTree = "<group>";
		};
		79754AB92FF1EA51000459A1 /* Products */ = {
			isa = PBXGroup;
			children = (
				79754AB82FF1EA51000459A1 /* Speed Skate Meet IOS.app */,
				79754AC52FF1EA53000459A1 /* Speed Skate Meet IOSTests.xctest */,
				79754ACF2FF1EA53000459A1 /* Speed Skate Meet IOSUITests.xctest */,
			);
			name = Products;
			sourceTree = "<group>";
		};
/* End PBXGroup section */

/* Begin PBXNativeTarget section */
		79754AB72FF1EA51000459A1 /* Speed Skate Meet IOS */ = {
			isa = PBXNativeTarget;
			buildConfigurationList = 79754AD92FF1EA53000459A1 /* Build configuration list for PBXNativeTarget "Speed Skate Meet IOS" */;
			buildPhases = (
				79754AB42FF1EA51000459A1 /* Sources */,
				79754AB52FF1EA51000459A1 /* Frameworks */,
				79754AB62FF1EA51000459A1 /* Resources */,
			);
			buildRules = (
			);
			dependencies = (
			);
			fileSystemSynchronizedGroups = (
				79754ABA2FF1EA51000459A1 /* Speed Skate Meet IOS */,
			);
			name = "Speed Skate Meet IOS";
			packageProductDependencies = (
			);
			productName = "Speed Skate Meet IOS";
			productReference = 79754AB82FF1EA51000459A1 /* Speed Skate Meet IOS.app */;
			productType = "com.apple.product-type.application";
		};
		79754AC42FF1EA53000459A1 /* Speed Skate Meet IOSTests */ = {
			isa = PBXNativeTarget;
			buildConfigurationList = 79754ADC2FF1EA53000459A1 /* Build configuration list for PBXNativeTarget "Speed Skate Meet IOSTests" */;
			buildPhases = (
				79754AC12FF1EA53000459A1 /* Sources */,
				79754AC22FF1EA53000459A1 /* Frameworks */,
				79754AC32FF1EA53000459A1 /* Resources */,
			);
			buildRules = (
			);
			dependencies = (
				79754AC72FF1EA53000459A1 /* PBXTargetDependency */,
			);
			fileSystemSynchronizedGroups = (
				79754AC82FF1EA53000459A1 /* Speed Skate Meet IOSTests */,
			);
			name = "Speed Skate Meet IOSTests";
			packageProductDependencies = (
			);
			productName = "Speed Skate Meet IOSTests";
			productReference = 79754AC52FF1EA53000459A1 /* Speed Skate Meet IOSTests.xctest */;
			productType = "com.apple.product-type.bundle.unit-test";
		};
		79754ACE2FF1EA53000459A1 /* Speed Skate Meet IOSUITests */ = {
			isa = PBXNativeTarget;
			buildConfigurationList = 79754ADF2FF1EA53000459A1 /* Build configuration list for PBXNativeTarget "Speed Skate Meet IOSUITests" */;
			buildPhases = (
				79754ACB2FF1EA53000459A1 /* Sources */,
				79754ACC2FF1EA53000459A1 /* Frameworks */,
				79754ACD2FF1EA53000459A1 /* Resources */,
			);
			buildRules = (
			);
			dependencies = (
				79754AD12FF1EA53000459A1 /* PBXTargetDependency */,
			);
			fileSystemSynchronizedGroups = (
				79754AD22FF1EA53000459A1 /* Speed Skate Meet IOSUITests */,
			);
			name = "Speed Skate Meet IOSUITests";
			packageProductDependencies = (
			);
			productName = "Speed Skate Meet IOSUITests";
			productReference = 79754ACF2FF1EA53000459A1 /* Speed Skate Meet IOSUITests.xctest */;
			productType = "com.apple.product-type.bundle.ui-testing";
		};
/* End PBXNativeTarget section */

/* Begin PBXProject section */
		79754AB02FF1EA51000459A1 /* Project object */ = {
			isa = PBXProject;
			attributes = {
				BuildIndependentTargetsInParallel = 1;
				LastSwiftUpdateCheck = 2660;
				LastUpgradeCheck = 2660;
				TargetAttributes = {
					79754AB72FF1EA51000459A1 = {
						CreatedOnToolsVersion = 26.6;
					};
					79754AC42FF1EA53000459A1 = {
						CreatedOnToolsVersion = 26.6;
						TestTargetID = 79754AB72FF1EA51000459A1;
					};
					79754ACE2FF1EA53000459A1 = {
						CreatedOnToolsVersion = 26.6;
						TestTargetID = 79754AB72FF1EA51000459A1;
					};
				};
			};
			buildConfigurationList = 79754AB32FF1EA51000459A1 /* Build configuration list for PBXProject "Speed Skate Meet IOS" */;
			developmentRegion = en;
			hasScannedForEncodings = 0;
			knownRegions = (
				en,
				Base,
			);
			mainGroup = 79754AAF2FF1EA51000459A1;
			minimizedProjectReferenceProxies = 1;
			preferredProjectObjectVersion = 77;
			productRefGroup = 79754AB92FF1EA51000459A1 /* Products */;
			projectDirPath = "";
			projectRoot = "";
			targets = (
				79754AB72FF1EA51000459A1 /* Speed Skate Meet IOS */,
				79754AC42FF1EA53000459A1 /* Speed Skate Meet IOSTests */,
				79754ACE2FF1EA53000459A1 /* Speed Skate Meet IOSUITests */,
			);
		};
/* End PBXProject section */

/* Begin PBXResourcesBuildPhase section */
		79754AB62FF1EA51000459A1 /* Resources */ = {
			isa = PBXResourcesBuildPhase;
			buildActionMask = 2147483647;
			files = (
			);
			runOnlyForDeploymentPostprocessing = 0;
		};
		79754AC32FF1EA53000459A1 /* Resources */ = {
			isa = PBXResourcesBuildPhase;
			buildActionMask = 2147483647;
			files = (
			);
			runOnlyForDeploymentPostprocessing = 0;
		};
		79754ACD2FF1EA53000459A1 /* Resources */ = {
			isa = PBXResourcesBuildPhase;
			buildActionMask = 2147483647;
			files = (
			);
			runOnlyForDeploymentPostprocessing = 0;
		};
/* End PBXResourcesBuildPhase section */

/* Begin PBXSourcesBuildPhase section */
		79754AB42FF1EA51000459A1 /* Sources */ = {
			isa = PBXSourcesBuildPhase;
			buildActionMask = 2147483647;
			files = (
			);
			runOnlyForDeploymentPostprocessing = 0;
		};
		79754AC12FF1EA53000459A1 /* Sources */ = {
			isa = PBXSourcesBuildPhase;
			buildActionMask = 2147483647;
			files = (
			);
			runOnlyForDeploymentPostprocessing = 0;
		};
		79754ACB2FF1EA53000459A1 /* Sources */ = {
			isa = PBXSourcesBuildPhase;
			buildActionMask = 2147483647;
			files = (
			);
			runOnlyForDeploymentPostprocessing = 0;
		};
/* End PBXSourcesBuildPhase section */

/* Begin PBXTargetDependency section */
		79754AC72FF1EA53000459A1 /* PBXTargetDependency */ = {
			isa = PBXTargetDependency;
			target = 79754AB72FF1EA51000459A1 /* Speed Skate Meet IOS */;
			targetProxy = 79754AC62FF1EA53000459A1 /* PBXContainerItemProxy */;
		};
		79754AD12FF1EA53000459A1 /* PBXTargetDependency */ = {
			isa = PBXTargetDependency;
			target = 79754AB72FF1EA51000459A1 /* Speed Skate Meet IOS */;
			targetProxy = 79754AD02FF1EA53000459A1 /* PBXContainerItemProxy */;
		};
/* End PBXTargetDependency section */

/* Begin XCBuildConfiguration section */
		79754AD72FF1EA53000459A1 /* Debug */ = {
			isa = XCBuildConfiguration;
			buildSettings = {
				ALWAYS_SEARCH_USER_PATHS = NO;
				ASSETCATALOG_COMPILER_GENERATE_SWIFT_ASSET_SYMBOL_EXTENSIONS = YES;
				CLANG_ANALYZER_NONNULL = YES;
				CLANG_ANALYZER_NUMBER_OBJECT_CONVERSION = YES_AGGRESSIVE;
				CLANG_CXX_LANGUAGE_STANDARD = "gnu++20";
				CLANG_ENABLE_MODULES = YES;
				CLANG_ENABLE_OBJC_ARC = YES;
				CLANG_ENABLE_OBJC_WEAK = YES;
				CLANG_WARN_BLOCK_CAPTURE_AUTORELEASING = YES;
				CLANG_WARN_BOOL_CONVERSION = YES;
				CLANG_WARN_COMMA = YES;
				CLANG_WARN_CONSTANT_CONVERSION = YES;
				CLANG_WARN_DEPRECATED_OBJC_IMPLEMENTATIONS = YES;
				CLANG_WARN_DIRECT_OBJC_ISA_USAGE = YES_ERROR;
				CLANG_WARN_DOCUMENTATION_COMMENTS = YES;
				CLANG_WARN_EMPTY_BODY = YES;
				CLANG_WARN_ENUM_CONVERSION = YES;
				CLANG_WARN_INFINITE_RECURSION = YES;
				CLANG_WARN_INT_CONVERSION = YES;
				CLANG_WARN_NON_LITERAL_NULL_CONVERSION = YES;
				CLANG_WARN_OBJC_IMPLICIT_RETAIN_SELF = YES;
				CLANG_WARN_OBJC_LITERAL_CONVERSION = YES;
				CLANG_WARN_OBJC_ROOT_CLASS = YES_ERROR;
				CLANG_WARN_QUOTED_INCLUDE_IN_FRAMEWORK_HEADER = YES;
				CLANG_WARN_RANGE_LOOP_ANALYSIS = YES;
				CLANG_WARN_STRICT_PROTOTYPES = YES;
				CLANG_WARN_SUSPICIOUS_MOVE = YES;
				CLANG_WARN_UNGUARDED_AVAILABILITY = YES_AGGRESSIVE;
				CLANG_WARN_UNREACHABLE_CODE = YES;
				CLANG_WARN__DUPLICATE_METHOD_MATCH = YES;
				COPY_PHASE_STRIP = NO;
				DEBUG_INFORMATION_FORMAT = dwarf;
				DEVELOPMENT_TEAM = 6HJDJ6HCG7;
				ENABLE_STRICT_OBJC_MSGSEND = YES;
				ENABLE_TESTABILITY = YES;
				ENABLE_USER_SCRIPT_SANDBOXING = YES;
				GCC_C_LANGUAGE_STANDARD = gnu17;
				GCC_DYNAMIC_NO_PIC = NO;
				GCC_NO_COMMON_BLOCKS = YES;
				GCC_OPTIMIZATION_LEVEL = 0;
				GCC_PREPROCESSOR_DEFINITIONS = (
					"DEBUG=1",
					"$(inherited)",
				);
				GCC_WARN_64_TO_32_BIT_CONVERSION = YES;
				GCC_WARN_ABOUT_RETURN_TYPE = YES_ERROR;
				GCC_WARN_UNDECLARED_SELECTOR = YES;
				GCC_WARN_UNINITIALIZED_AUTOS = YES_AGGRESSIVE;
				GCC_WARN_UNUSED_FUNCTION = YES;
				GCC_WARN_UNUSED_VARIABLE = YES;
				IPHONEOS_DEPLOYMENT_TARGET = 26.5;
				LOCALIZATION_PREFERS_STRING_CATALOGS = YES;
				MTL_ENABLE_DEBUG_INFO = INCLUDE_SOURCE;
				MTL_FAST_MATH = YES;
				ONLY_ACTIVE_ARCH = YES;
				SDKROOT = iphoneos;
				SWIFT_ACTIVE_COMPILATION_CONDITIONS = "DEBUG $(inherited)";
				SWIFT_OPTIMIZATION_LEVEL = "-Onone";
			};
			name = Debug;
		};
		79754AD82FF1EA53000459A1 /* Release */ = {
			isa = XCBuildConfiguration;
			buildSettings = {
				ALWAYS_SEARCH_USER_PATHS = NO;
				ASSETCATALOG_COMPILER_GENERATE_SWIFT_ASSET_SYMBOL_EXTENSIONS = YES;
				CLANG_ANALYZER_NONNULL = YES;
				CLANG_ANALYZER_NUMBER_OBJECT_CONVERSION = YES_AGGRESSIVE;
				CLANG_CXX_LANGUAGE_STANDARD = "gnu++20";
				CLANG_ENABLE_MODULES = YES;
				CLANG_ENABLE_OBJC_ARC = YES;
				CLANG_ENABLE_OBJC_WEAK = YES;
				CLANG_WARN_BLOCK_CAPTURE_AUTORELEASING = YES;
				CLANG_WARN_BOOL_CONVERSION = YES;
				CLANG_WARN_COMMA = YES;
				CLANG_WARN_CONSTANT_CONVERSION = YES;
				CLANG_WARN_DEPRECATED_OBJC_IMPLEMENTATIONS = YES;
				CLANG_WARN_DIRECT_OBJC_ISA_USAGE = YES_ERROR;
				CLANG_WARN_DOCUMENTATION_COMMENTS = YES;
				CLANG_WARN_EMPTY_BODY = YES;
				CLANG_WARN_ENUM_CONVERSION = YES;
				CLANG_WARN_INFINITE_RECURSION = YES;
				CLANG_WARN_INT_CONVERSION = YES;
				CLANG_WARN_NON_LITERAL_NULL_CONVERSION = YES;
				CLANG_WARN_OBJC_IMPLICIT_RETAIN_SELF = YES;
				CLANG_WARN_OBJC_LITERAL_CONVERSION = YES;
				CLANG_WARN_OBJC_ROOT_CLASS = YES_ERROR;
				CLANG_WARN_QUOTED_INCLUDE_IN_FRAMEWORK_HEADER = YES;
				CLANG_WARN_RANGE_LOOP_ANALYSIS = YES;
				CLANG_WARN_STRICT_PROTOTYPES = YES;
				CLANG_WARN_SUSPICIOUS_MOVE = YES;
				CLANG_WARN_UNGUARDED_AVAILABILITY = YES_AGGRESSIVE;
				CLANG_WARN_UNREACHABLE_CODE = YES;
				CLANG_WARN__DUPLICATE_METHOD_MATCH = YES;
				COPY_PHASE_STRIP = NO;
				DEBUG_INFORMATION_FORMAT = "dwarf-with-dsym";
				DEVELOPMENT_TEAM = 6HJDJ6HCG7;
				ENABLE_NS_ASSERTIONS = NO;
				ENABLE_STRICT_OBJC_MSGSEND = YES;
				ENABLE_USER_SCRIPT_SANDBOXING = YES;
				GCC_C_LANGUAGE_STANDARD = gnu17;
				GCC_NO_COMMON_BLOCKS = YES;
				GCC_WARN_64_TO_32_BIT_CONVERSION = YES;
				GCC_WARN_ABOUT_RETURN_TYPE = YES_ERROR;
				GCC_WARN_UNDECLARED_SELECTOR = YES;
				GCC_WARN_UNINITIALIZED_AUTOS = YES_AGGRESSIVE;
				GCC_WARN_UNUSED_FUNCTION = YES;
				GCC_WARN_UNUSED_VARIABLE = YES;
				IPHONEOS_DEPLOYMENT_TARGET = 26.5;
				LOCALIZATION_PREFERS_STRING_CATALOGS = YES;
				MTL_ENABLE_DEBUG_INFO = NO;
				MTL_FAST_MATH = YES;
				SDKROOT = iphoneos;
				SWIFT_COMPILATION_MODE = wholemodule;
				VALIDATE_PRODUCT = YES;
			};
			name = Release;
		};
		79754ADA2FF1EA53000459A1 /* Debug */ = {
			isa = XCBuildConfiguration;
			buildSettings = {
				ASSETCATALOG_COMPILER_APPICON_NAME = AppIcon;
				ASSETCATALOG_COMPILER_GLOBAL_ACCENT_COLOR_NAME = AccentColor;
				CODE_SIGN_STYLE = Automatic;
				CURRENT_PROJECT_VERSION = 1;
				DEVELOPMENT_TEAM = 6HJDJ6HCG7;
				ENABLE_PREVIEWS = YES;
				GENERATE_INFOPLIST_FILE = YES;
				INFOPLIST_KEY_UIApplicationSceneManifest_Generation = YES;
				INFOPLIST_KEY_UIApplicationSupportsIndirectInputEvents = YES;
				INFOPLIST_KEY_UILaunchScreen_Generation = YES;
				INFOPLIST_KEY_UISupportedInterfaceOrientations_iPad = "UIInterfaceOrientationPortrait UIInterfaceOrientationPortraitUpsideDown UIInterfaceOrientationLandscapeLeft UIInterfaceOrientationLandscapeRight";
				INFOPLIST_KEY_UISupportedInterfaceOrientations_iPhone = "UIInterfaceOrientationPortrait UIInterfaceOrientationLandscapeLeft UIInterfaceOrientationLandscapeRight";
				LD_RUNPATH_SEARCH_PATHS = (
					"$(inherited)",
					"@executable_path/Frameworks",
				);
				MARKETING_VERSION = 1.0;
				PRODUCT_BUNDLE_IDENTIFIER = "com.speedskatemeet.Speed-Skate-Meet-IOS";
				PRODUCT_NAME = "$(TARGET_NAME)";
				STRING_CATALOG_GENERATE_SYMBOLS = YES;
				SWIFT_APPROACHABLE_CONCURRENCY = YES;
				SWIFT_DEFAULT_ACTOR_ISOLATION = MainActor;
				SWIFT_EMIT_LOC_STRINGS = YES;
				SWIFT_UPCOMING_FEATURE_MEMBER_IMPORT_VISIBILITY = YES;
				SWIFT_VERSION = 5.0;
				TARGETED_DEVICE_FAMILY = "1,2";
			};
			name = Debug;
		};
		79754ADB2FF1EA53000459A1 /* Release */ = {
			isa = XCBuildConfiguration;
			buildSettings = {
				ASSETCATALOG_COMPILER_APPICON_NAME = AppIcon;
				ASSETCATALOG_COMPILER_GLOBAL_ACCENT_COLOR_NAME = AccentColor;
				CODE_SIGN_STYLE = Automatic;
				CURRENT_PROJECT_VERSION = 1;
				DEVELOPMENT_TEAM = 6HJDJ6HCG7;
				ENABLE_PREVIEWS = YES;
				GENERATE_INFOPLIST_FILE = YES;
				INFOPLIST_KEY_UIApplicationSceneManifest_Generation = YES;
				INFOPLIST_KEY_UIApplicationSupportsIndirectInputEvents = YES;
				INFOPLIST_KEY_UILaunchScreen_Generation = YES;
				INFOPLIST_KEY_UISupportedInterfaceOrientations_iPad = "UIInterfaceOrientationPortrait UIInterfaceOrientationPortraitUpsideDown UIInterfaceOrientationLandscapeLeft UIInterfaceOrientationLandscapeRight";
				INFOPLIST_KEY_UISupportedInterfaceOrientations_iPhone = "UIInterfaceOrientationPortrait UIInterfaceOrientationLandscapeLeft UIInterfaceOrientationLandscapeRight";
				LD_RUNPATH_SEARCH_PATHS = (
					"$(inherited)",
					"@executable_path/Frameworks",
				);
				MARKETING_VERSION = 1.0;
				PRODUCT_BUNDLE_IDENTIFIER = "com.speedskatemeet.Speed-Skate-Meet-IOS";
				PRODUCT_NAME = "$(TARGET_NAME)";
				STRING_CATALOG_GENERATE_SYMBOLS = YES;
				SWIFT_APPROACHABLE_CONCURRENCY = YES;
				SWIFT_DEFAULT_ACTOR_ISOLATION = MainActor;
				SWIFT_EMIT_LOC_STRINGS = YES;
				SWIFT_UPCOMING_FEATURE_MEMBER_IMPORT_VISIBILITY = YES;
				SWIFT_VERSION = 5.0;
				TARGETED_DEVICE_FAMILY = "1,2";
			};
			name = Release;
		};
		79754ADD2FF1EA53000459A1 /* Debug */ = {
			isa = XCBuildConfiguration;
			buildSettings = {
				BUNDLE_LOADER = "$(TEST_HOST)";
				CODE_SIGN_STYLE = Automatic;
				CURRENT_PROJECT_VERSION = 1;
				DEVELOPMENT_TEAM = 6HJDJ6HCG7;
				GENERATE_INFOPLIST_FILE = YES;
				IPHONEOS_DEPLOYMENT_TARGET = 26.5;
				MARKETING_VERSION = 1.0;
				PRODUCT_BUNDLE_IDENTIFIER = "com.speedskatemeet.Speed-Skate-Meet-IOSTests";
				PRODUCT_NAME = "$(TARGET_NAME)";
				STRING_CATALOG_GENERATE_SYMBOLS = NO;
				SWIFT_APPROACHABLE_CONCURRENCY = YES;
				SWIFT_EMIT_LOC_STRINGS = NO;
				SWIFT_UPCOMING_FEATURE_MEMBER_IMPORT_VISIBILITY = YES;
				SWIFT_VERSION = 5.0;
				TARGETED_DEVICE_FAMILY = "1,2";
				TEST_HOST = "$(BUILT_PRODUCTS_DIR)/Speed Skate Meet IOS.app/$(BUNDLE_EXECUTABLE_FOLDER_PATH)/Speed Skate Meet IOS";
			};
			name = Debug;
		};
		79754ADE2FF1EA53000459A1 /* Release */ = {
			isa = XCBuildConfiguration;
			buildSettings = {
				BUNDLE_LOADER = "$(TEST_HOST)";
				CODE_SIGN_STYLE = Automatic;
				CURRENT_PROJECT_VERSION = 1;
				DEVELOPMENT_TEAM = 6HJDJ6HCG7;
				GENERATE_INFOPLIST_FILE = YES;
				IPHONEOS_DEPLOYMENT_TARGET = 26.5;
				MARKETING_VERSION = 1.0;
				PRODUCT_BUNDLE_IDENTIFIER = "com.speedskatemeet.Speed-Skate-Meet-IOSTests";
				PRODUCT_NAME = "$(TARGET_NAME)";
				STRING_CATALOG_GENERATE_SYMBOLS = NO;
				SWIFT_APPROACHABLE_CONCURRENCY = YES;
				SWIFT_EMIT_LOC_STRINGS = NO;
				SWIFT_UPCOMING_FEATURE_MEMBER_IMPORT_VISIBILITY = YES;
				SWIFT_VERSION = 5.0;
				TARGETED_DEVICE_FAMILY = "1,2";
				TEST_HOST = "$(BUILT_PRODUCTS_DIR)/Speed Skate Meet IOS.app/$(BUNDLE_EXECUTABLE_FOLDER_PATH)/Speed Skate Meet IOS";
			};
			name = Release;
		};
		79754AE02FF1EA53000459A1 /* Debug */ = {
			isa = XCBuildConfiguration;
			buildSettings = {
				CODE_SIGN_STYLE = Automatic;
				CURRENT_PROJECT_VERSION = 1;
				DEVELOPMENT_TEAM = 6HJDJ6HCG7;
				GENERATE_INFOPLIST_FILE = YES;
				MARKETING_VERSION = 1.0;
				PRODUCT_BUNDLE_IDENTIFIER = "com.speedskatemeet.Speed-Skate-Meet-IOSUITests";
				PRODUCT_NAME = "$(TARGET_NAME)";
				STRING_CATALOG_GENERATE_SYMBOLS = NO;
				SWIFT_APPROACHABLE_CONCURRENCY = YES;
				SWIFT_EMIT_LOC_STRINGS = NO;
				SWIFT_UPCOMING_FEATURE_MEMBER_IMPORT_VISIBILITY = YES;
				SWIFT_VERSION = 5.0;
				TARGETED_DEVICE_FAMILY = "1,2";
				TEST_TARGET_NAME = "Speed Skate Meet IOS";
			};
			name = Debug;
		};
		79754AE12FF1EA53000459A1 /* Release */ = {
			isa = XCBuildConfiguration;
			buildSettings = {
				CODE_SIGN_STYLE = Automatic;
				CURRENT_PROJECT_VERSION = 1;
				DEVELOPMENT_TEAM = 6HJDJ6HCG7;
				GENERATE_INFOPLIST_FILE = YES;
				MARKETING_VERSION = 1.0;
				PRODUCT_BUNDLE_IDENTIFIER = "com.speedskatemeet.Speed-Skate-Meet-IOSUITests";
				PRODUCT_NAME = "$(TARGET_NAME)";
				STRING_CATALOG_GENERATE_SYMBOLS = NO;
				SWIFT_APPROACHABLE_CONCURRENCY = YES;
				SWIFT_EMIT_LOC_STRINGS = NO;
				SWIFT_UPCOMING_FEATURE_MEMBER_IMPORT_VISIBILITY = YES;
				SWIFT_VERSION = 5.0;
				TARGETED_DEVICE_FAMILY = "1,2";
				TEST_TARGET_NAME = "Speed Skate Meet IOS";
			};
			name = Release;
		};
/* End XCBuildConfiguration section */

/* Begin XCConfigurationList section */
		79754AB32FF1EA51000459A1 /* Build configuration list for PBXProject "Speed Skate Meet IOS" */ = {
			isa = XCConfigurationList;
			buildConfigurations = (
				79754AD72FF1EA53000459A1 /* Debug */,
				79754AD82FF1EA53000459A1 /* Release */,
			);
			defaultConfigurationIsVisible = 0;
			defaultConfigurationName = Release;
		};
		79754AD92FF1EA53000459A1 /* Build configuration list for PBXNativeTarget "Speed Skate Meet IOS" */ = {
			isa = XCConfigurationList;
			buildConfigurations = (
				79754ADA2FF1EA53000459A1 /* Debug */,
				79754ADB2FF1EA53000459A1 /* Release */,
			);
			defaultConfigurationIsVisible = 0;
			defaultConfigurationName = Release;
		};
		79754ADC2FF1EA53000459A1 /* Build configuration list for PBXNativeTarget "Speed Skate Meet IOSTests" */ = {
			isa = XCConfigurationList;
			buildConfigurations = (
				79754ADD2FF1EA53000459A1 /* Debug */,
				79754ADE2FF1EA53000459A1 /* Release */,
			);
			defaultConfigurationIsVisible = 0;
			defaultConfigurationName = Release;
		};
		79754ADF2FF1EA53000459A1 /* Build configuration list for PBXNativeTarget "Speed Skate Meet IOSUITests" */ = {
			isa = XCConfigurationList;
			buildConfigurations = (
				79754AE02FF1EA53000459A1 /* Debug */,
				79754AE12FF1EA53000459A1 /* Release */,
			);
			defaultConfigurationIsVisible = 0;
			defaultConfigurationName = Release;
		};
/* End XCConfigurationList section */
	};
	rootObject = 79754AB02FF1EA51000459A1 /* Project object */;
}
